
Microsoft Visual Studio Solution File, Format Version 12.00
# Visual Studio Version 16
VisualStudioVersion = 16.0.32802.440
MinimumVisualStudioVersion = 10.0.40219.1
Project("{FAE04EC0-301F-11D3-BF4B-00C04F79EFBC}") = "WaterHeaterTest", "WaterHeaterTest.csproj", "{18936771-F70A-4AC2-89DD-1C7441782C26}"
EndProject
Global
	GlobalSection(SolutionConfigurationPlatforms) = preSolution
		Debug|Any CPU = Debug|Any CPU
		Release|Any CPU = Release|Any CPU
	EndGlobalSection
	GlobalSection(ProjectConfigurationPlatforms) = postSolution
		{18936771-F70A-4AC2-89DD-1C7441782C26}.Debug|Any CPU.ActiveCfg = Debug|Any CPU
		{18936771-F70A-4AC2-89DD-1C7441782C26}.Debug|Any CPU.Build.0 = Debug|Any CPU
		{18936771-F70A-4AC2-89DD-1C7441782C26}.Release|Any CPU.ActiveCfg = Release|Any CPU
		{18936771-F70A-4AC2-89DD-1C7441782C26}.Release|Any CPU.Build.0 = Release|Any CPU
	EndGlobalSection
	GlobalSection(SolutionProperties) = preSolution
		HideSolutionNode = FALSE
	EndGlobalSection
	GlobalSection(ExtensibilityGlobals) = postSolution
		SolutionGuid = {527E8057-BBF5-4C7A-AE7A-A0165288CA3A}
	EndGlobalSection
EndGlobal
